
Microsoft Visual Studio Solution File, Format Version 12.00
# Visual Studio Version 16
VisualStudioVersion = 16.0.31605.320
MinimumVisualStudioVersion = 10.0.40219.1
Project("{9A19103F-16F7-4668-BE54-9A1E7A4F7556}") = "MenthaAssembly", "..\MenthaAssembly\MenthaAssembly\MenthaAssembly.csproj", "{1AEF82CC-31BA-4219-8609-ECC5F2E17B36}"
EndProject
Project("{9A19103F-16F7-4668-BE54-9A1E7A4F7556}") = "MenthaAssembly.Data.MSSQL", "MenthaAssembly.Data.MSSQL\MenthaAssembly.Data.MSSQL.csproj", "{0480CA88-2352-4AD7-ACA5-8061FBCA7DB3}"
EndProject
Global
	GlobalSection(SolutionConfigurationPlatforms) = preSolution
		Debug|Any CPU = Debug|Any CPU
		Release|Any CPU = Release|Any CPU
	EndGlobalSection
	GlobalSection(ProjectConfigurationPlatforms) = postSolution
		{1AEF82CC-31BA-4219-8609-ECC5F2E17B36}.Debug|Any CPU.ActiveCfg = Debug|Any CPU
		{1AEF82CC-31BA-4219-8609-ECC5F2E17B36}.Debug|Any CPU.Build.0 = Debug|Any CPU
		{1AEF82CC-31BA-4219-8609-ECC5F2E17B36}.Release|Any CPU.ActiveCfg = Release|Any CPU
		{1AEF82CC-31BA-4219-8609-ECC5F2E17B36}.Release|Any CPU.Build.0 = Release|Any CPU
		{0480CA88-2352-4AD7-ACA5-8061FBCA7DB3}.Debug|Any CPU.ActiveCfg = Debug|Any CPU
		{0480CA88-2352-4AD7-ACA5-8061FBCA7DB3}.Debug|Any CPU.Build.0 = Debug|Any CPU
		{0480CA88-2352-4AD7-ACA5-8061FBCA7DB3}.Release|Any CPU.ActiveCfg = Release|Any CPU
		{0480CA88-2352-4AD7-ACA5-8061FBCA7DB3}.Release|Any CPU.Build.0 = Release|Any CPU
	EndGlobalSection
	GlobalSection(SolutionProperties) = preSolution
		HideSolutionNode = FALSE
	EndGlobalSection
	GlobalSection(ExtensibilityGlobals) = postSolution
		SolutionGuid = {4F0C125D-5AD3-4A73-90AC-68FE3E529FB9}
	EndGlobalSection
EndGlobal
